// !$*UTF8*$!
{
	archiveVersion = 1;
	classes = {
	};
	objectVersion = 48;
	objects = {

/* Begin PBXBuildFile section */
		170F5AF220109EA000A74B81 /* IPViewController.swift in Sources */ = {isa = PBXBuildFile; fileRef = 170F5AF120109EA000A74B81 /* IPViewController.swift */; };
		1728D0BF20079C640066ABBF /* BedsViewController.swift in Sources */ = {isa = PBXBuildFile; fileRef = 1728D0BE20079C640066ABBF /* BedsViewController.swift */; };
		1728D0C120079C750066ABBF /* RecipesViewController.swift in Sources */ = {isa = PBXBuildFile; fileRef = 1728D0C020079C750066ABBF /* RecipesViewController.swift */; };
		1728D0C320079C7E0066ABBF /* WeatherViewController.swift in Sources */ = {isa = PBXBuildFile; fileRef = 1728D0C220079C7E0066ABBF /* WeatherViewController.swift */; };
		1728D0C520079C8B0066ABBF /* CropsViewController.swift in Sources */ = {isa = PBXBuildFile; fileRef = 1728D0C420079C8B0066ABBF /* CropsViewController.swift */; };
		1728D0CD2007A0A40066ABBF /* BedsTableViewDataSource.swift in Sources */ = {isa = PBXBuildFile; fileRef = 1728D0CC2007A0A40066ABBF /* BedsTableViewDataSource.swift */; };
		1728D0CF2007A1170066ABBF /* RecipeTableViewDataSource.swift in Sources */ = {isa = PBXBuildFile; fileRef = 1728D0CE2007A1170066ABBF /* RecipeTableViewDataSource.swift */; };
		1728D0D12007A1390066ABBF /* CropsTableViewDataSource.swift in Sources */ = {isa = PBXBuildFile; fileRef = 1728D0D02007A1390066ABBF /* CropsTableViewDataSource.swift */; };
		1728D0D32007A1660066ABBF /* BedsTableViewCell.swift in Sources */ = {isa = PBXBuildFile; fileRef = 1728D0D22007A1660066ABBF /* BedsTableViewCell.swift */; };
		1728D0D52007A1720066ABBF /* CropsTableViewCell.swift in Sources */ = {isa = PBXBuildFile; fileRef = 1728D0D42007A1720066ABBF /* CropsTableViewCell.swift */; };
		1728D0D72007A17D0066ABBF /* RecipesTableViewCell.swift in Sources */ = {isa = PBXBuildFile; fileRef = 1728D0D62007A17D0066ABBF /* RecipesTableViewCell.swift */; };
		1728D0DA2007A4150066ABBF /* Network.swift in Sources */ = {isa = PBXBuildFile; fileRef = 1728D0D92007A4150066ABBF /* Network.swift */; };
		1728D0DD2007A4CC0066ABBF /* FetchDataBeds.swift in Sources */ = {isa = PBXBuildFile; fileRef = 1728D0DC2007A4CC0066ABBF /* FetchDataBeds.swift */; };
		1728D0E02007A5140066ABBF /* NetworkSupervisor.swift in Sources */ = {isa = PBXBuildFile; fileRef = 1728D0DF2007A5140066ABBF /* NetworkSupervisor.swift */; };
		1728D0E32007B06B0066ABBF /* BedsModel.swift in Sources */ = {isa = PBXBuildFile; fileRef = 1728D0E22007B06B0066ABBF /* BedsModel.swift */; };
		1728D0E72007B0830066ABBF /* WeatherModel.swift in Sources */ = {isa = PBXBuildFile; fileRef = 1728D0E62007B0830066ABBF /* WeatherModel.swift */; };
		1728D0E92007B08C0066ABBF /* RecipesModel.swift in Sources */ = {isa = PBXBuildFile; fileRef = 1728D0E82007B08C0066ABBF /* RecipesModel.swift */; };
		1728D0EC2007B1B90066ABBF /* BedsStruct.swift in Sources */ = {isa = PBXBuildFile; fileRef = 1728D0EB2007B1B90066ABBF /* BedsStruct.swift */; };
		1728D0EE2007B58C0066ABBF /* RecipesStruct.swift in Sources */ = {isa = PBXBuildFile; fileRef = 1728D0ED2007B58C0066ABBF /* RecipesStruct.swift */; };
		1728D0F02007B5980066ABBF /* CropsStruct.swift in Sources */ = {isa = PBXBuildFile; fileRef = 1728D0EF2007B5970066ABBF /* CropsStruct.swift */; };
		1728D0F22007B5A30066ABBF /* WeatherStruct.swift in Sources */ = {isa = PBXBuildFile; fileRef = 1728D0F12007B5A30066ABBF /* WeatherStruct.swift */; };
		1728D0F52008CB130066ABBF /* LocationsStruct.swift in Sources */ = {isa = PBXBuildFile; fileRef = 1728D0F42008CB130066ABBF /* LocationsStruct.swift */; };
		1728D0F72008CB230066ABBF /* UsersStruct.swift in Sources */ = {isa = PBXBuildFile; fileRef = 1728D0F62008CB230066ABBF /* UsersStruct.swift */; };
		1728D0F92008CB4B0066ABBF /* LocationsModel.swift in Sources */ = {isa = PBXBuildFile; fileRef = 1728D0F82008CB4B0066ABBF /* LocationsModel.swift */; };
		1728D0FB2008CE3D0066ABBF /* ModelSingleton.swift in Sources */ = {isa = PBXBuildFile; fileRef = 1728D0FA2008CE3D0066ABBF /* ModelSingleton.swift */; };
		1728D0FD2008D5AD0066ABBF /* CropsModel.swift in Sources */ = {isa = PBXBuildFile; fileRef = 1728D0FC2008D5AD0066ABBF /* CropsModel.swift */; };
		17A62AC8200774B10059977D /* AppDelegate.swift in Sources */ = {isa = PBXBuildFile; fileRef = 17A62AC7200774B10059977D /* AppDelegate.swift */; };
		17A62ACA200774B10059977D /* TabViewController.swift in Sources */ = {isa = PBXBuildFile; fileRef = 17A62AC9200774B10059977D /* TabViewController.swift */; };
		17A62ACD200774B10059977D /* Main.storyboard in Resources */ = {isa = PBXBuildFile; fileRef = 17A62ACB200774B10059977D /* Main.storyboard */; };
		17A62AD2200774B10059977D /* LaunchScreen.storyboard in Resources */ = {isa = PBXBuildFile; fileRef = 17A62AD0200774B10059977D /* LaunchScreen.storyboard */; };
		17A62ADD200774B10059977D /* GardenplannerTests.swift in Sources */ = {isa = PBXBuildFile; fileRef = 17A62ADC200774B10059977D /* GardenplannerTests.swift */; };
		17A62AE8200774B10059977D /* GardenplannerUITests.swift in Sources */ = {isa = PBXBuildFile; fileRef = 17A62AE7200774B10059977D /* GardenplannerUITests.swift */; };
		17A62AF6200781A90059977D /* Assets.xcassets in Resources */ = {isa = PBXBuildFile; fileRef = 17A62AF5200781A90059977D /* Assets.xcassets */; };
		17C5E23D200A871F00CAA441 /* CropViewController.swift in Sources */ = {isa = PBXBuildFile; fileRef = 17C5E23C200A871F00CAA441 /* CropViewController.swift */; };
		17C5E23F200A932D00CAA441 /* AddBedViewController.swift in Sources */ = {isa = PBXBuildFile; fileRef = 17C5E23E200A932D00CAA441 /* AddBedViewController.swift */; };
		17C5E241200A981C00CAA441 /* FetchDataCrops.swift in Sources */ = {isa = PBXBuildFile; fileRef = 17C5E240200A981C00CAA441 /* FetchDataCrops.swift */; };
		17C5E243200B85C900CAA441 /* UrlBuilder.swift in Sources */ = {isa = PBXBuildFile; fileRef = 17C5E242200B85C900CAA441 /* UrlBuilder.swift */; };
		17C5E247200BA6A500CAA441 /* Constants.swift in Sources */ = {isa = PBXBuildFile; fileRef = 17C5E246200BA6A500CAA441 /* Constants.swift */; };
		17C5E249200BC2C400CAA441 /* UserModel.swift in Sources */ = {isa = PBXBuildFile; fileRef = 17C5E248200BC2C400CAA441 /* UserModel.swift */; };
/* End PBXBuildFile section */

/* Begin PBXContainerItemProxy section */
		17A62AD9200774B10059977D /* PBXContainerItemProxy */ = {
			isa = PBXContainerItemProxy;
			containerPortal = 17A62ABC200774B00059977D /* Project object */;
			proxyType = 1;
			remoteGlobalIDString = 17A62AC3200774B10059977D;
			remoteInfo = Gardenplanner;
		};
		17A62AE4200774B10059977D /* PBXContainerItemProxy */ = {
			isa = PBXContainerItemProxy;
			containerPortal = 17A62ABC200774B00059977D /* Project object */;
			proxyType = 1;
			remoteGlobalIDString = 17A62AC3200774B10059977D;
			remoteInfo = Gardenplanner;
		};
/* End PBXContainerItemProxy section */

/* Begin PBXFileReference section */
		170F5AF120109EA000A74B81 /* IPViewController.swift */ = {isa = PBXFileReference; lastKnownFileType = sourcecode.swift; path = IPViewController.swift; sourceTree = "<group>"; };
		1728D0BE20079C640066ABBF /* BedsViewController.swift */ = {isa = PBXFileReference; lastKnownFileType = sourcecode.swift; path = BedsViewController.swift; sourceTree = "<group>"; };
		1728D0C020079C750066ABBF /* RecipesViewController.swift */ = {isa = PBXFileReference; lastKnownFileType = sourcecode.swift; path = RecipesViewController.swift; sourceTree = "<group>"; };
		1728D0C220079C7E0066ABBF /* WeatherViewController.swift */ = {isa = PBXFileReference; lastKnownFileType = sourcecode.swift; path = WeatherViewController.swift; sourceTree = "<group>"; };
		1728D0C420079C8B0066ABBF /* CropsViewController.swift */ = {isa = PBXFileReference; lastKnownFileType = sourcecode.swift; path = CropsViewController.swift; sourceTree = "<group>"; };
		1728D0CC2007A0A40066ABBF /* BedsTableViewDataSource.swift */ = {isa = PBXFileReference; lastKnownFileType = sourcecode.swift; path = BedsTableViewDataSource.swift; sourceTree = "<group>"; };
		1728D0CE2007A1170066ABBF /* RecipeTableViewDataSource.swift */ = {isa = PBXFileReference; lastKnownFileType = sourcecode.swift; path = RecipeTableViewDataSource.swift; sourceTree = "<group>"; };
		1728D0D02007A1390066ABBF /* CropsTableViewDataSource.swift */ = {isa = PBXFileReference; lastKnownFileType = sourcecode.swift; path = CropsTableViewDataSource.swift; sourceTree = "<group>"; };
		1728D0D22007A1660066ABBF /* BedsTableViewCell.swift */ = {isa = PBXFileReference; lastKnownFileType = sourcecode.swift; path = BedsTableViewCell.swift; sourceTree = "<group>"; };
		1728D0D42007A1720066ABBF /* CropsTableViewCell.swift */ = {isa = PBXFileReference; lastKnownFileType = sourcecode.swift; path = CropsTableViewCell.swift; sourceTree = "<group>"; };
		1728D0D62007A17D0066ABBF /* RecipesTableViewCell.swift */ = {isa = PBXFileReference; lastKnownFileType = sourcecode.swift; path = RecipesTableViewCell.swift; sourceTree = "<group>"; };
		1728D0D92007A4150066ABBF /* Network.swift */ = {isa = PBXFileReference; lastKnownFileType = sourcecode.swift; path = Network.swift; sourceTree = "<group>"; };
		1728D0DC2007A4CC0066ABBF /* FetchDataBeds.swift */ = {isa = PBXFileReference; lastKnownFileType = sourcecode.swift; path = FetchDataBeds.swift; sourceTree = "<group>"; };
		1728D0DF2007A5140066ABBF /* NetworkSupervisor.swift */ = {isa = PBXFileReference; lastKnownFileType = sourcecode.swift; path = NetworkSupervisor.swift; sourceTree = "<group>"; };
		1728D0E22007B06B0066ABBF /* BedsModel.swift */ = {isa = PBXFileReference; lastKnownFileType = sourcecode.swift; path = BedsModel.swift; sourceTree = "<group>"; };
		1728D0E62007B0830066ABBF /* WeatherModel.swift */ = {isa = PBXFileReference; lastKnownFileType = sourcecode.swift; path = WeatherModel.swift; sourceTree = "<group>"; };
		1728D0E82007B08C0066ABBF /* RecipesModel.swift */ = {isa = PBXFileReference; lastKnownFileType = sourcecode.swift; path = RecipesModel.swift; sourceTree = "<group>"; };
		1728D0EB2007B1B90066ABBF /* BedsStruct.swift */ = {isa = PBXFileReference; lastKnownFileType = sourcecode.swift; path = BedsStruct.swift; sourceTree = "<group>"; };
		1728D0ED2007B58C0066ABBF /* RecipesStruct.swift */ = {isa = PBXFileReference; lastKnownFileType = sourcecode.swift; path = RecipesStruct.swift; sourceTree = "<group>"; };
		1728D0EF2007B5970066ABBF /* CropsStruct.swift */ = {isa = PBXFileReference; lastKnownFileType = sourcecode.swift; path = CropsStruct.swift; sourceTree = "<group>"; };
		1728D0F12007B5A30066ABBF /* WeatherStruct.swift */ = {isa = PBXFileReference; lastKnownFileType = sourcecode.swift; path = WeatherStruct.swift; sourceTree = "<group>"; };
		1728D0F42008CB130066ABBF /* LocationsStruct.swift */ = {isa = PBXFileReference; lastKnownFileType = sourcecode.swift; path = LocationsStruct.swift; sourceTree = "<group>"; };
		1728D0F62008CB230066ABBF /* UsersStruct.swift */ = {isa = PBXFileReference; lastKnownFileType = sourcecode.swift; path = UsersStruct.swift; sourceTree = "<group>"; };
		1728D0F82008CB4B0066ABBF /* LocationsModel.swift */ = {isa = PBXFileReference; lastKnownFileType = sourcecode.swift; path = LocationsModel.swift; sourceTree = "<group>"; };
		1728D0FA2008CE3D0066ABBF /* ModelSingleton.swift */ = {isa = PBXFileReference; lastKnownFileType = sourcecode.swift; path = ModelSingleton.swift; sourceTree = "<group>"; };
		1728D0FC2008D5AD0066ABBF /* CropsModel.swift */ = {isa = PBXFileReference; lastKnownFileType = sourcecode.swift; path = CropsModel.swift; sourceTree = "<group>"; };
		17A62AC4200774B10059977D /* Gardenplanner.app */ = {isa = PBXFileReference; explicitFileType = wrapper.application; includeInIndex = 0; path = Gardenplanner.app; sourceTree = BUILT_PRODUCTS_DIR; };
		17A62AC7200774B10059977D /* AppDelegate.swift */ = {isa = PBXFileReference; lastKnownFileType = sourcecode.swift; path = AppDelegate.swift; sourceTree = "<group>"; };
		17A62AC9200774B10059977D /* TabViewController.swift */ = {isa = PBXFileReference; lastKnownFileType = sourcecode.swift; path = TabViewController.swift; sourceTree = "<group>"; };
		17A62ACC200774B10059977D /* Base */ = {isa = PBXFileReference; lastKnownFileType = file.storyboard; name = Base; path = Base.lproj/Main.storyboard; sourceTree = "<group>"; };
		17A62AD1200774B10059977D /* Base */ = {isa = PBXFileReference; lastKnownFileType = file.storyboard; name = Base; path = Base.lproj/LaunchScreen.storyboard; sourceTree = "<group>"; };
		17A62AD3200774B10059977D /* Info.plist */ = {isa = PBXFileReference; lastKnownFileType = text.plist.xml; path = Info.plist; sourceTree = "<group>"; };
		17A62AD8200774B10059977D /* GardenplannerTests.xctest */ = {isa = PBXFileReference; explicitFileType = wrapper.cfbundle; includeInIndex = 0; path = GardenplannerTests.xctest; sourceTree = BUILT_PRODUCTS_DIR; };
		17A62ADC200774B10059977D /* GardenplannerTests.swift */ = {isa = PBXFileReference; lastKnownFileType = sourcecode.swift; path = GardenplannerTests.swift; sourceTree = "<group>"; };
		17A62ADE200774B10059977D /* Info.plist */ = {isa = PBXFileReference; lastKnownFileType = text.plist.xml; path = Info.plist; sourceTree = "<group>"; };
		17A62AE3200774B10059977D /* GardenplannerUITests.xctest */ = {isa = PBXFileReference; explicitFileType = wrapper.cfbundle; includeInIndex = 0; path = GardenplannerUITests.xctest; sourceTree = BUILT_PRODUCTS_DIR; };
		17A62AE7200774B10059977D /* GardenplannerUITests.swift */ = {isa = PBXFileReference; lastKnownFileType = sourcecode.swift; path = GardenplannerUITests.swift; sourceTree = "<group>"; };
		17A62AE9200774B10059977D /* Info.plist */ = {isa = PBXFileReference; lastKnownFileType = text.plist.xml; path = Info.plist; sourceTree = "<group>"; };
		17A62AF5200781A90059977D /* Assets.xcassets */ = {isa = PBXFileReference; lastKnownFileType = folder.assetcatalog; path = Assets.xcassets; sourceTree = "<group>"; };
		17C5E23C200A871F00CAA441 /* CropViewController.swift */ = {isa = PBXFileReference; lastKnownFileType = sourcecode.swift; path = CropViewController.swift; sourceTree = "<group>"; };
		17C5E23E200A932D00CAA441 /* AddBedViewController.swift */ = {isa = PBXFileReference; lastKnownFileType = sourcecode.swift; path = AddBedViewController.swift; sourceTree = "<group>"; };
		17C5E240200A981C00CAA441 /* FetchDataCrops.swift */ = {isa = PBXFileReference; lastKnownFileType = sourcecode.swift; path = FetchDataCrops.swift; sourceTree = "<group>"; };
		17C5E242200B85C900CAA441 /* UrlBuilder.swift */ = {isa = PBXFileReference; lastKnownFileType = sourcecode.swift; path = UrlBuilder.swift; sourceTree = "<group>"; };
		17C5E246200BA6A500CAA441 /* Constants.swift */ = {isa = PBXFileReference; lastKnownFileType = sourcecode.swift; path = Constants.swift; sourceTree = "<group>"; };
		17C5E248200BC2C400CAA441 /* UserModel.swift */ = {isa = PBXFileReference; lastKnownFileType = sourcecode.swift; path = UserModel.swift; sourceTree = "<group>"; };
/* End PBXFileReference section */

/* Begin PBXFrameworksBuildPhase section */
		17A62AC1200774B10059977D /* Frameworks */ = {
			isa = PBXFrameworksBuildPhase;
			buildActionMask = 2147483647;
			files = (
			);
			runOnlyForDeploymentPostprocessing = 0;
		};
		17A62AD5200774B10059977D /* Frameworks */ = {
			isa = PBXFrameworksBuildPhase;
			buildActionMask = 2147483647;
			files = (
			);
			runOnlyForDeploymentPostprocessing = 0;
		};
		17A62AE0200774B10059977D /* Frameworks */ = {
			isa = PBXFrameworksBuildPhase;
			buildActionMask = 2147483647;
			files = (
			);
			runOnlyForDeploymentPostprocessing = 0;
		};
/* End PBXFrameworksBuildPhase section */

/* Begin PBXGroup section */
		170F5AF020109E7F00A74B81 /* Start Screens */ = {
			isa = PBXGroup;
			children = (
				170F5AF120109EA000A74B81 /* IPViewController.swift */,
			);
			path = "Start Screens";
			sourceTree = "<group>";
		};
		1728D0B920079BA90066ABBF /* Crop */ = {
			isa = PBXGroup;
			children = (
				17C5E23C200A871F00CAA441 /* CropViewController.swift */,
			);
			path = Crop;
			sourceTree = "<group>";
		};
		1728D0BA20079BB60066ABBF /* Beds */ = {
			isa = PBXGroup;
			children = (
				1728D0BE20079C640066ABBF /* BedsViewController.swift */,
				1728D0CC2007A0A40066ABBF /* BedsTableViewDataSource.swift */,
				1728D0D22007A1660066ABBF /* BedsTableViewCell.swift */,
				17C5E23E200A932D00CAA441 /* AddBedViewController.swift */,
			);
			path = Beds;
			sourceTree = "<group>";
		};
		1728D0BB20079BCF0066ABBF /* Recipes */ = {
			isa = PBXGroup;
			children = (
				1728D0C020079C750066ABBF /* RecipesViewController.swift */,
				1728D0CE2007A1170066ABBF /* RecipeTableViewDataSource.swift */,
				1728D0D62007A17D0066ABBF /* RecipesTableViewCell.swift */,
			);
			path = Recipes;
			sourceTree = "<group>";
		};
		1728D0BC20079BD60066ABBF /* Weather */ = {
			isa = PBXGroup;
			children = (
				1728D0C220079C7E0066ABBF /* WeatherViewController.swift */,
			);
			path = Weather;
			sourceTree = "<group>";
		};
		1728D0BD20079C100066ABBF /* Crops */ = {
			isa = PBXGroup;
			children = (
				1728D0C420079C8B0066ABBF /* CropsViewController.swift */,
				1728D0D02007A1390066ABBF /* CropsTableViewDataSource.swift */,
				1728D0D42007A1720066ABBF /* CropsTableViewCell.swift */,
			);
			path = Crops;
			sourceTree = "<group>";
		};
		1728D0D82007A4000066ABBF /* Download */ = {
			isa = PBXGroup;
			children = (
				1728D0DE2007A5060066ABBF /* Protocol */,
				1728D0D92007A4150066ABBF /* Network.swift */,
				1728D0DC2007A4CC0066ABBF /* FetchDataBeds.swift */,
				17C5E240200A981C00CAA441 /* FetchDataCrops.swift */,
				17C5E242200B85C900CAA441 /* UrlBuilder.swift */,
			);
			path = Download;
			sourceTree = "<group>";
		};
		1728D0DE2007A5060066ABBF /* Protocol */ = {
			isa = PBXGroup;
			children = (
				1728D0DF2007A5140066ABBF /* NetworkSupervisor.swift */,
			);
			path = Protocol;
			sourceTree = "<group>";
		};
		1728D0E12007B0520066ABBF /* Model */ = {
			isa = PBXGroup;
			children = (
				1728D0EA2007B1AC0066ABBF /* Structs */,
				1728D0E22007B06B0066ABBF /* BedsModel.swift */,
				1728D0E62007B0830066ABBF /* WeatherModel.swift */,
				1728D0E82007B08C0066ABBF /* RecipesModel.swift */,
				1728D0F82008CB4B0066ABBF /* LocationsModel.swift */,
				1728D0FC2008D5AD0066ABBF /* CropsModel.swift */,
				1728D0FA2008CE3D0066ABBF /* ModelSingleton.swift */,
				17C5E246200BA6A500CAA441 /* Constants.swift */,
				17C5E248200BC2C400CAA441 /* UserModel.swift */,
			);
			path = Model;
			sourceTree = "<group>";
		};
		1728D0EA2007B1AC0066ABBF /* Structs */ = {
			isa = PBXGroup;
			children = (
				1728D0EB2007B1B90066ABBF /* BedsStruct.swift */,
				1728D0ED2007B58C0066ABBF /* RecipesStruct.swift */,
				1728D0EF2007B5970066ABBF /* CropsStruct.swift */,
				1728D0F12007B5A30066ABBF /* WeatherStruct.swift */,
				1728D0F42008CB130066ABBF /* LocationsStruct.swift */,
				1728D0F62008CB230066ABBF /* UsersStruct.swift */,
			);
			path = Structs;
			sourceTree = "<group>";
		};
		17A62ABB200774B00059977D = {
			isa = PBXGroup;
			children = (
				17A62AC6200774B10059977D /* Gardenplanner */,
				17A62ADB200774B10059977D /* GardenplannerTests */,
				17A62AE6200774B10059977D /* GardenplannerUITests */,
				17A62AC5200774B10059977D /* Products */,
			);
			sourceTree = "<group>";
		};
		17A62AC5200774B10059977D /* Products */ = {
			isa = PBXGroup;
			children = (
				17A62AC4200774B10059977D /* Gardenplanner.app */,
				17A62AD8200774B10059977D /* GardenplannerTests.xctest */,
				17A62AE3200774B10059977D /* GardenplannerUITests.xctest */,
			);
			name = Products;
			sourceTree = "<group>";
		};
		17A62AC6200774B10059977D /* Gardenplanner */ = {
			isa = PBXGroup;
			children = (
				170F5AF020109E7F00A74B81 /* Start Screens */,
				1728D0E12007B0520066ABBF /* Model */,
				1728D0D82007A4000066ABBF /* Download */,
				1728D0BD20079C100066ABBF /* Crops */,
				1728D0BC20079BD60066ABBF /* Weather */,
				1728D0BB20079BCF0066ABBF /* Recipes */,
				1728D0BA20079BB60066ABBF /* Beds */,
				1728D0B920079BA90066ABBF /* Crop */,
				17A62AC7200774B10059977D /* AppDelegate.swift */,
				17A62AC9200774B10059977D /* TabViewController.swift */,
				17A62ACB200774B10059977D /* Main.storyboard */,
				17A62AF5200781A90059977D /* Assets.xcassets */,
				17A62AD0200774B10059977D /* LaunchScreen.storyboard */,
				17A62AD3200774B10059977D /* Info.plist */,
			);
			path = Gardenplanner;
			sourceTree = "<group>";
		};
		17A62ADB200774B10059977D /* GardenplannerTests */ = {
			isa = PBXGroup;
			children = (
				17A62ADC200774B10059977D /* GardenplannerTests.swift */,
				17A62ADE200774B10059977D /* Info.plist */,
			);
			path = GardenplannerTests;
			sourceTree = "<group>";
		};
		17A62AE6200774B10059977D /* GardenplannerUITests */ = {
			isa = PBXGroup;
			children = (
				17A62AE7200774B10059977D /* GardenplannerUITests.swift */,
				17A62AE9200774B10059977D /* Info.plist */,
			);
			path = GardenplannerUITests;
			sourceTree = "<group>";
		};
/* End PBXGroup section */

/* Begin PBXNativeTarget section */
		17A62AC3200774B10059977D /* Gardenplanner */ = {
			isa = PBXNativeTarget;
			buildConfigurationList = 17A62AEC200774B10059977D /* Build configuration list for PBXNativeTarget "Gardenplanner" */;
			buildPhases = (
				17A62AC0200774B10059977D /* Sources */,
				17A62AC1200774B10059977D /* Frameworks */,
				17A62AC2200774B10059977D /* Resources */,
			);
			buildRules = (
			);
			dependencies = (
			);
			name = Gardenplanner;
			productName = Gardenplanner;
			productReference = 17A62AC4200774B10059977D /* Gardenplanner.app */;
			productType = "com.apple.product-type.application";
		};
		17A62AD7200774B10059977D /* GardenplannerTests */ = {
			isa = PBXNativeTarget;
			buildConfigurationList = 17A62AEF200774B10059977D /* Build configuration list for PBXNativeTarget "GardenplannerTests" */;
			buildPhases = (
				17A62AD4200774B10059977D /* Sources */,
				17A62AD5200774B10059977D /* Frameworks */,
				17A62AD6200774B10059977D /* Resources */,
			);
			buildRules = (
			);
			dependencies = (
				17A62ADA200774B10059977D /* PBXTargetDependency */,
			);
			name = GardenplannerTests;
			productName = GardenplannerTests;
			productReference = 17A62AD8200774B10059977D /* GardenplannerTests.xctest */;
			productType = "com.apple.product-type.bundle.unit-test";
		};
		17A62AE2200774B10059977D /* GardenplannerUITests */ = {
			isa = PBXNativeTarget;
			buildConfigurationList = 17A62AF2200774B10059977D /* Build configuration list for PBXNativeTarget "GardenplannerUITests" */;
			buildPhases = (
				17A62ADF200774B10059977D /* Sources */,
				17A62AE0200774B10059977D /* Frameworks */,
				17A62AE1200774B10059977D /* Resources */,
			);
			buildRules = (
			);
			dependencies = (
				17A62AE5200774B10059977D /* PBXTargetDependency */,
			);
			name = GardenplannerUITests;
			productName = GardenplannerUITests;
			productReference = 17A62AE3200774B10059977D /* GardenplannerUITests.xctest */;
			productType = "com.apple.product-type.bundle.ui-testing";
		};
/* End PBXNativeTarget section */

/* Begin PBXProject section */
		17A62ABC200774B00059977D /* Project object */ = {
			isa = PBXProject;
			attributes = {
				LastSwiftUpdateCheck = 0910;
				LastUpgradeCheck = 0910;
				ORGANIZATIONNAME = Philipp;
				TargetAttributes = {
					17A62AC3200774B10059977D = {
						CreatedOnToolsVersion = 9.1;
						ProvisioningStyle = Automatic;
					};
					17A62AD7200774B10059977D = {
						CreatedOnToolsVersion = 9.1;
						ProvisioningStyle = Automatic;
						TestTargetID = 17A62AC3200774B10059977D;
					};
					17A62AE2200774B10059977D = {
						CreatedOnToolsVersion = 9.1;
						ProvisioningStyle = Automatic;
						TestTargetID = 17A62AC3200774B10059977D;
					};
				};
			};
			buildConfigurationList = 17A62ABF200774B10059977D /* Build configuration list for PBXProject "Gardenplanner" */;
			compatibilityVersion = "Xcode 8.0";
			developmentRegion = en;
			hasScannedForEncodings = 0;
			knownRegions = (
				en,
				Base,
			);
			mainGroup = 17A62ABB200774B00059977D;
			productRefGroup = 17A62AC5200774B10059977D /* Products */;
			projectDirPath = "";
			projectRoot = "";
			targets = (
				17A62AC3200774B10059977D /* Gardenplanner */,
				17A62AD7200774B10059977D /* GardenplannerTests */,
				17A62AE2200774B10059977D /* GardenplannerUITests */,
			);
		};
/* End PBXProject section */

/* Begin PBXResourcesBuildPhase section */
		17A62AC2200774B10059977D /* Resources */ = {
			isa = PBXResourcesBuildPhase;
			buildActionMask = 2147483647;
			files = (
				17A62AD2200774B10059977D /* LaunchScreen.storyboard in Resources */,
				17A62AF6200781A90059977D /* Assets.xcassets in Resources */,
				17A62ACD200774B10059977D /* Main.storyboard in Resources */,
			);
			runOnlyForDeploymentPostprocessing = 0;
		};
		17A62AD6200774B10059977D /* Resources */ = {
			isa = PBXResourcesBuildPhase;
			buildActionMask = 2147483647;
			files = (
			);
			runOnlyForDeploymentPostprocessing = 0;
		};
		17A62AE1200774B10059977D /* Resources */ = {
			isa = PBXResourcesBuildPhase;
			buildActionMask = 2147483647;
			files = (
			);
			runOnlyForDeploymentPostprocessing = 0;
		};
/* End PBXResourcesBuildPhase section */

/* Begin PBXSourcesBuildPhase section */
		17A62AC0200774B10059977D /* Sources */ = {
			isa = PBXSourcesBuildPhase;
			buildActionMask = 2147483647;
			files = (
				1728D0E02007A5140066ABBF /* NetworkSupervisor.swift in Sources */,
				1728D0FB2008CE3D0066ABBF /* ModelSingleton.swift in Sources */,
				1728D0E92007B08C0066ABBF /* RecipesModel.swift in Sources */,
				1728D0C120079C750066ABBF /* RecipesViewController.swift in Sources */,
				1728D0C320079C7E0066ABBF /* WeatherViewController.swift in Sources */,
				1728D0F92008CB4B0066ABBF /* LocationsModel.swift in Sources */,
				17C5E23D200A871F00CAA441 /* CropViewController.swift in Sources */,
				17C5E247200BA6A500CAA441 /* Constants.swift in Sources */,
				1728D0DA2007A4150066ABBF /* Network.swift in Sources */,
				1728D0D32007A1660066ABBF /* BedsTableViewCell.swift in Sources */,
				17C5E249200BC2C400CAA441 /* UserModel.swift in Sources */,
				1728D0CF2007A1170066ABBF /* RecipeTableViewDataSource.swift in Sources */,
				17A62ACA200774B10059977D /* TabViewController.swift in Sources */,
				1728D0E72007B0830066ABBF /* WeatherModel.swift in Sources */,
				17C5E243200B85C900CAA441 /* UrlBuilder.swift in Sources */,
				1728D0D12007A1390066ABBF /* CropsTableViewDataSource.swift in Sources */,
				1728D0EE2007B58C0066ABBF /* RecipesStruct.swift in Sources */,
				1728D0F02007B5980066ABBF /* CropsStruct.swift in Sources */,
				1728D0F22007B5A30066ABBF /* WeatherStruct.swift in Sources */,
				170F5AF220109EA000A74B81 /* IPViewController.swift in Sources */,
				17C5E23F200A932D00CAA441 /* AddBedViewController.swift in Sources */,
				1728D0DD2007A4CC0066ABBF /* FetchDataBeds.swift in Sources */,
				1728D0D72007A17D0066ABBF /* RecipesTableViewCell.swift in Sources */,
				1728D0E32007B06B0066ABBF /* BedsModel.swift in Sources */,
				1728D0F52008CB130066ABBF /* LocationsStruct.swift in Sources */,
				17A62AC8200774B10059977D /* AppDelegate.swift in Sources */,
				1728D0D52007A1720066ABBF /* CropsTableViewCell.swift in Sources */,
				1728D0EC2007B1B90066ABBF /* BedsStruct.swift in Sources */,
				17C5E241200A981C00CAA441 /* FetchDataCrops.swift in Sources */,
				1728D0CD2007A0A40066ABBF /* BedsTableViewDataSource.swift in Sources */,
				1728D0C520079C8B0066ABBF /* CropsViewController.swift in Sources */,
				1728D0BF20079C640066ABBF /* BedsViewController.swift in Sources */,
				1728D0FD2008D5AD0066ABBF /* CropsModel.swift in Sources */,
				1728D0F72008CB230066ABBF /* UsersStruct.swift in Sources */,
			);
			runOnlyForDeploymentPostprocessing = 0;
		};
		17A62AD4200774B10059977D /* Sources */ = {
			isa = PBXSourcesBuildPhase;
			buildActionMask = 2147483647;
			files = (
				17A62ADD200774B10059977D /* GardenplannerTests.swift in Sources */,
			);
			runOnlyForDeploymentPostprocessing = 0;
		};
		17A62ADF200774B10059977D /* Sources */ = {
			isa = PBXSourcesBuildPhase;
			buildActionMask = 2147483647;
			files = (
				17A62AE8200774B10059977D /* GardenplannerUITests.swift in Sources */,
			);
			runOnlyForDeploymentPostprocessing = 0;
		};
/* End PBXSourcesBuildPhase section */

/* Begin PBXTargetDependency section */
		17A62ADA200774B10059977D /* PBXTargetDependency */ = {
			isa = PBXTargetDependency;
			target = 17A62AC3200774B10059977D /* Gardenplanner */;
			targetProxy = 17A62AD9200774B10059977D /* PBXContainerItemProxy */;
		};
		17A62AE5200774B10059977D /* PBXTargetDependency */ = {
			isa = PBXTargetDependency;
			target = 17A62AC3200774B10059977D /* Gardenplanner */;
			targetProxy = 17A62AE4200774B10059977D /* PBXContainerItemProxy */;
		};
/* End PBXTargetDependency section */

/* Begin PBXVariantGroup section */
		17A62ACB200774B10059977D /* Main.storyboard */ = {
			isa = PBXVariantGroup;
			children = (
				17A62ACC200774B10059977D /* Base */,
			);
			name = Main.storyboard;
			sourceTree = "<group>";
		};
		17A62AD0200774B10059977D /* LaunchScreen.storyboard */ = {
			isa = PBXVariantGroup;
			children = (
				17A62AD1200774B10059977D /* Base */,
			);
			name = LaunchScreen.storyboard;
			sourceTree = "<group>";
		};
/* End PBXVariantGroup section */

/* Begin XCBuildConfiguration section */
		17A62AEA200774B10059977D /* Debug */ = {
			isa = XCBuildConfiguration;
			buildSettings = {
				ALWAYS_SEARCH_USER_PATHS = NO;
				CLANG_ANALYZER_NONNULL = YES;
				CLANG_ANALYZER_NUMBER_OBJECT_CONVERSION = YES_AGGRESSIVE;
				CLANG_CXX_LANGUAGE_STANDARD = "gnu++14";
				CLANG_CXX_LIBRARY = "libc++";
				CLANG_ENABLE_MODULES = YES;
				CLANG_ENABLE_OBJC_ARC = YES;
				CLANG_WARN_BLOCK_CAPTURE_AUTORELEASING = YES;
				CLANG_WARN_BOOL_CONVERSION = YES;
				CLANG_WARN_COMMA = YES;
				CLANG_WARN_CONSTANT_CONVERSION = YES;
				CLANG_WARN_DIRECT_OBJC_ISA_USAGE = YES_ERROR;
				CLANG_WARN_DOCUMENTATION_COMMENTS = YES;
				CLANG_WARN_EMPTY_BODY = YES;
				CLANG_WARN_ENUM_CONVERSION = YES;
				CLANG_WARN_INFINITE_RECURSION = YES;
				CLANG_WARN_INT_CONVERSION = YES;
				CLANG_WARN_NON_LITERAL_NULL_CONVERSION = YES;
				CLANG_WARN_OBJC_LITERAL_CONVERSION = YES;
				CLANG_WARN_OBJC_ROOT_CLASS = YES_ERROR;
				CLANG_WARN_RANGE_LOOP_ANALYSIS = YES;
				CLANG_WARN_STRICT_PROTOTYPES = YES;
				CLANG_WARN_SUSPICIOUS_MOVE = YES;
				CLANG_WARN_UNGUARDED_AVAILABILITY = YES_AGGRESSIVE;
				CLANG_WARN_UNREACHABLE_CODE = YES;
				CLANG_WARN__DUPLICATE_METHOD_MATCH = YES;
				CODE_SIGN_IDENTITY = "iPhone Developer";
				COPY_PHASE_STRIP = NO;
				DEBUG_INFORMATION_FORMAT = dwarf;
				ENABLE_STRICT_OBJC_MSGSEND = YES;
				ENABLE_TESTABILITY = YES;
				GCC_C_LANGUAGE_STANDARD = gnu11;
				GCC_DYNAMIC_NO_PIC = NO;
				GCC_NO_COMMON_BLOCKS = YES;
				GCC_OPTIMIZATION_LEVEL = 0;
				GCC_PREPROCESSOR_DEFINITIONS = (
					"DEBUG=1",
					"$(inherited)",
				);
				GCC_WARN_64_TO_32_BIT_CONVERSION = YES;
				GCC_WARN_ABOUT_RETURN_TYPE = YES_ERROR;
				GCC_WARN_UNDECLARED_SELECTOR = YES;
				GCC_WARN_UNINITIALIZED_AUTOS = YES_AGGRESSIVE;
				GCC_WARN_UNUSED_FUNCTION = YES;
				GCC_WARN_UNUSED_VARIABLE = YES;
				IPHONEOS_DEPLOYMENT_TARGET = 11.1;
				MTL_ENABLE_DEBUG_INFO = YES;
				ONLY_ACTIVE_ARCH = YES;
				SDKROOT = iphoneos;
				SWIFT_ACTIVE_COMPILATION_CONDITIONS = DEBUG;
				SWIFT_OPTIMIZATION_LEVEL = "-Onone";
			};
			name = Debug;
		};
		17A62AEB200774B10059977D /* Release */ = {
			isa = XCBuildConfiguration;
			buildSettings = {
				ALWAYS_SEARCH_USER_PATHS = NO;
				CLANG_ANALYZER_NONNULL = YES;
				CLANG_ANALYZER_NUMBER_OBJECT_CONVERSION = YES_AGGRESSIVE;
				CLANG_CXX_LANGUAGE_STANDARD = "gnu++14";
				CLANG_CXX_LIBRARY = "libc++";
				CLANG_ENABLE_MODULES = YES;
				CLANG_ENABLE_OBJC_ARC = YES;
				CLANG_WARN_BLOCK_CAPTURE_AUTORELEASING = YES;
				CLANG_WARN_BOOL_CONVERSION = YES;
				CLANG_WARN_COMMA = YES;
				CLANG_WARN_CONSTANT_CONVERSION = YES;
				CLANG_WARN_DIRECT_OBJC_ISA_USAGE = YES_ERROR;
				CLANG_WARN_DOCUMENTATION_COMMENTS = YES;
				CLANG_WARN_EMPTY_BODY = YES;
				CLANG_WARN_ENUM_CONVERSION = YES;
				CLANG_WARN_INFINITE_RECURSION = YES;
				CLANG_WARN_INT_CONVERSION = YES;
				CLANG_WARN_NON_LITERAL_NULL_CONVERSION = YES;
				CLANG_WARN_OBJC_LITERAL_CONVERSION = YES;
				CLANG_WARN_OBJC_ROOT_CLASS = YES_ERROR;
				CLANG_WARN_RANGE_LOOP_ANALYSIS = YES;
				CLANG_WARN_STRICT_PROTOTYPES = YES;
				CLANG_WARN_SUSPICIOUS_MOVE = YES;
				CLANG_WARN_UNGUARDED_AVAILABILITY = YES_AGGRESSIVE;
				CLANG_WARN_UNREACHABLE_CODE = YES;
				CLANG_WARN__DUPLICATE_METHOD_MATCH = YES;
				CODE_SIGN_IDENTITY = "iPhone Developer";
				COPY_PHASE_STRIP = NO;
				DEBUG_INFORMATION_FORMAT = "dwarf-with-dsym";
				ENABLE_NS_ASSERTIONS = NO;
				ENABLE_STRICT_OBJC_MSGSEND = YES;
				GCC_C_LANGUAGE_STANDARD = gnu11;
				GCC_NO_COMMON_BLOCKS = YES;
				GCC_WARN_64_TO_32_BIT_CONVERSION = YES;
				GCC_WARN_ABOUT_RETURN_TYPE = YES_ERROR;
				GCC_WARN_UNDECLARED_SELECTOR = YES;
				GCC_WARN_UNINITIALIZED_AUTOS = YES_AGGRESSIVE;
				GCC_WARN_UNUSED_FUNCTION = YES;
				GCC_WARN_UNUSED_VARIABLE = YES;
				IPHONEOS_DEPLOYMENT_TARGET = 11.1;
				MTL_ENABLE_DEBUG_INFO = NO;
				SDKROOT = iphoneos;
				SWIFT_OPTIMIZATION_LEVEL = "-Owholemodule";
				VALIDATE_PRODUCT = YES;
			};
			name = Release;
		};
		17A62AED200774B10059977D /* Debug */ = {
			isa = XCBuildConfiguration;
			buildSettings = {
				ASSETCATALOG_COMPILER_APPICON_NAME = AppIcon;
				CODE_SIGN_STYLE = Automatic;
				DEVELOPMENT_TEAM = 3C9VJFZS7C;
				INFOPLIST_FILE = Gardenplanner/Info.plist;
				LD_RUNPATH_SEARCH_PATHS = "$(inherited) @executable_path/Frameworks";
				PRODUCT_BUNDLE_IDENTIFIER = philipp.Gardenplanner;
				PRODUCT_NAME = "$(TARGET_NAME)";
				SWIFT_VERSION = 4.0;
				TARGETED_DEVICE_FAMILY = "1,2";
			};
			name = Debug;
		};
		17A62AEE200774B10059977D /* Release */ = {
			isa = XCBuildConfiguration;
			buildSettings = {
				ASSETCATALOG_COMPILER_APPICON_NAME = AppIcon;
				CODE_SIGN_STYLE = Automatic;
				DEVELOPMENT_TEAM = 3C9VJFZS7C;
				INFOPLIST_FILE = Gardenplanner/Info.plist;
				LD_RUNPATH_SEARCH_PATHS = "$(inherited) @executable_path/Frameworks";
				PRODUCT_BUNDLE_IDENTIFIER = philipp.Gardenplanner;
				PRODUCT_NAME = "$(TARGET_NAME)";
				SWIFT_VERSION = 4.0;
				TARGETED_DEVICE_FAMILY = "1,2";
			};
			name = Release;
		};
		17A62AF0200774B10059977D /* Debug */ = {
			isa = XCBuildConfiguration;
			buildSettings = {
				ALWAYS_EMBED_SWIFT_STANDARD_LIBRARIES = YES;
				BUNDLE_LOADER = "$(TEST_HOST)";
				CODE_SIGN_STYLE = Automatic;
				DEVELOPMENT_TEAM = 3C9VJFZS7C;
				INFOPLIST_FILE = GardenplannerTests/Info.plist;
				LD_RUNPATH_SEARCH_PATHS = "$(inherited) @executable_path/Frameworks @loader_path/Frameworks";
				PRODUCT_BUNDLE_IDENTIFIER = philipp.GardenplannerTests;
				PRODUCT_NAME = "$(TARGET_NAME)";
				SWIFT_VERSION = 4.0;
				TARGETED_DEVICE_FAMILY = "1,2";
				TEST_HOST = "$(BUILT_PRODUCTS_DIR)/Gardenplanner.app/Gardenplanner";
			};
			name = Debug;
		};
		17A62AF1200774B10059977D /* Release */ = {
			isa = XCBuildConfiguration;
			buildSettings = {
				ALWAYS_EMBED_SWIFT_STANDARD_LIBRARIES = YES;
				BUNDLE_LOADER = "$(TEST_HOST)";
				CODE_SIGN_STYLE = Automatic;
				DEVELOPMENT_TEAM = 3C9VJFZS7C;
				INFOPLIST_FILE = GardenplannerTests/Info.plist;
				LD_RUNPATH_SEARCH_PATHS = "$(inherited) @executable_path/Frameworks @loader_path/Frameworks";
				PRODUCT_BUNDLE_IDENTIFIER = philipp.GardenplannerTests;
				PRODUCT_NAME = "$(TARGET_NAME)";
				SWIFT_VERSION = 4.0;
				TARGETED_DEVICE_FAMILY = "1,2";
				TEST_HOST = "$(BUILT_PRODUCTS_DIR)/Gardenplanner.app/Gardenplanner";
			};
			name = Release;
		};
		17A62AF3200774B10059977D /* Debug */ = {
			isa = XCBuildConfiguration;
			buildSettings = {
				ALWAYS_EMBED_SWIFT_STANDARD_LIBRARIES = YES;
				CODE_SIGN_STYLE = Automatic;
				DEVELOPMENT_TEAM = 3C9VJFZS7C;
				INFOPLIST_FILE = GardenplannerUITests/Info.plist;
				LD_RUNPATH_SEARCH_PATHS = "$(inherited) @executable_path/Frameworks @loader_path/Frameworks";
				PRODUCT_BUNDLE_IDENTIFIER = philipp.GardenplannerUITests;
				PRODUCT_NAME = "$(TARGET_NAME)";
				SWIFT_VERSION = 4.0;
				TARGETED_DEVICE_FAMILY = "1,2";
				TEST_TARGET_NAME = Gardenplanner;
			};
			name = Debug;
		};
		17A62AF4200774B10059977D /* Release */ = {
			isa = XCBuildConfiguration;
			buildSettings = {
				ALWAYS_EMBED_SWIFT_STANDARD_LIBRARIES = YES;
				CODE_SIGN_STYLE = Automatic;
				DEVELOPMENT_TEAM = 3C9VJFZS7C;
				INFOPLIST_FILE = GardenplannerUITests/Info.plist;
				LD_RUNPATH_SEARCH_PATHS = "$(inherited) @executable_path/Frameworks @loader_path/Frameworks";
				PRODUCT_BUNDLE_IDENTIFIER = philipp.GardenplannerUITests;
				PRODUCT_NAME = "$(TARGET_NAME)";
				SWIFT_VERSION = 4.0;
				TARGETED_DEVICE_FAMILY = "1,2";
				TEST_TARGET_NAME = Gardenplanner;
			};
			name = Release;
		};
/* End XCBuildConfiguration section */

/* Begin XCConfigurationList section */
		17A62ABF200774B10059977D /* Build configuration list for PBXProject "Gardenplanner" */ = {
			isa = XCConfigurationList;
			buildConfigurations = (
				17A62AEA200774B10059977D /* Debug */,
				17A62AEB200774B10059977D /* Release */,
			);
			defaultConfigurationIsVisible = 0;
			defaultConfigurationName = Release;
		};
		17A62AEC200774B10059977D /* Build configuration list for PBXNativeTarget "Gardenplanner" */ = {
			isa = XCConfigurationList;
			buildConfigurations = (
				17A62AED200774B10059977D /* Debug */,
				17A62AEE200774B10059977D /* Release */,
			);
			defaultConfigurationIsVisible = 0;
			defaultConfigurationName = Release;
		};
		17A62AEF200774B10059977D /* Build configuration list for PBXNativeTarget "GardenplannerTests" */ = {
			isa = XCConfigurationList;
			buildConfigurations = (
				17A62AF0200774B10059977D /* Debug */,
				17A62AF1200774B10059977D /* Release */,
			);
			defaultConfigurationIsVisible = 0;
			defaultConfigurationName = Release;
		};
		17A62AF2200774B10059977D /* Build configuration list for PBXNativeTarget "GardenplannerUITests" */ = {
			isa = XCConfigurationList;
			buildConfigurations = (
				17A62AF3200774B10059977D /* Debug */,
				17A62AF4200774B10059977D /* Release */,
			);
			defaultConfigurationIsVisible = 0;
			defaultConfigurationName = Release;
		};
/* End XCConfigurationList section */
	};
	rootObject = 17A62ABC200774B00059977D /* Project object */;
}
